
Microsoft Visual Studio Solution File, Format Version 12.00
# Visual Studio 15
VisualStudioVersion = 15.0.27130.2020
MinimumVisualStudioVersion = 10.0.40219.1
Project("{FAE04EC0-301F-11D3-BF4B-00C04F79EFBC}") = "GoogleCalender2", "GoogleCalender2\GoogleCalender2.csproj", "{CEA538D5-3813-410A-8357-967B85314028}"
EndProject
Global
	GlobalSection(SolutionConfigurationPlatforms) = preSolution
		Debug|Any CPU = Debug|Any CPU
		Release|Any CPU = Release|Any CPU
	EndGlobalSection
	GlobalSection(ProjectConfigurationPlatforms) = postSolution
		{CEA538D5-3813-410A-8357-967B85314028}.Debug|Any CPU.ActiveCfg = Debug|Any CPU
		{CEA538D5-3813-410A-8357-967B85314028}.Debug|Any CPU.Build.0 = Debug|Any CPU
		{CEA538D5-3813-410A-8357-967B85314028}.Release|Any CPU.ActiveCfg = Release|Any CPU
		{CEA538D5-3813-410A-8357-967B85314028}.Release|Any CPU.Build.0 = Release|Any CPU
	EndGlobalSection
	GlobalSection(SolutionProperties) = preSolution
		HideSolutionNode = FALSE
	EndGlobalSection
	GlobalSection(ExtensibilityGlobals) = postSolution
		SolutionGuid = {EDD79A34-7836-44F4-AE45-F3E7BB609A64}
	EndGlobalSection
EndGlobal
